
Microsoft Visual Studio Solution File, Format Version 12.00
# Visual Studio Version 17
VisualStudioVersion = 17.3.32804.467
MinimumVisualStudioVersion = 10.0.40219.1
Project("{FAE04EC0-301F-11D3-BF4B-00C04F79EFBC}") = "Taller2", "Taller2.csproj", "{8B450CE3-0227-47D4-B438-BCE5D0A3A7AB}"
EndProject
Global
	GlobalSection(SolutionConfigurationPlatforms) = preSolution
		Debug|Any CPU = Debug|Any CPU
		Release|Any CPU = Release|Any CPU
	EndGlobalSection
	GlobalSection(ProjectConfigurationPlatforms) = postSolution
		{8B450CE3-0227-47D4-B438-BCE5D0A3A7AB}.Debug|Any CPU.ActiveCfg = Debug|Any CPU
		{8B450CE3-0227-47D4-B438-BCE5D0A3A7AB}.Debug|Any CPU.Build.0 = Debug|Any CPU
		{8B450CE3-0227-47D4-B438-BCE5D0A3A7AB}.Release|Any CPU.ActiveCfg = Release|Any CPU
		{8B450CE3-0227-47D4-B438-BCE5D0A3A7AB}.Release|Any CPU.Build.0 = Release|Any CPU
	EndGlobalSection
	GlobalSection(SolutionProperties) = preSolution
		HideSolutionNode = FALSE
	EndGlobalSection
	GlobalSection(ExtensibilityGlobals) = postSolution
		SolutionGuid = {B4020C18-47B4-42F5-95FD-3DC1757CF760}
	EndGlobalSection
EndGlobal
